{
  "requires": true,
  "lockfileVersion": 1,
  "dependencies": {
    "apollo-upload-server": {
      "version": "7.1.0",
      "resolved": "https://registry.npmjs.org/apollo-upload-server/-/apollo-upload-server-7.1.0.tgz",
      "integrity": "sha512-cD9ReCeyurYwZyEDqJYb5TOc9dt8yhPzS+MtrY3iJdqw+pqiiyPngAvVXHjN+Ca7Lajvom4/AT/PBrYVDMM3Kw==",
      "requires": {
        "busboy": "^0.2.14",
        "fs-capacitor": "^1.0.0",
        "http-errors": "^1.7.0",
        "object-path": "^0.11.4"
      }
    },
    "busboy": {
      "version": "0.2.14",
      "resolved": "https://registry.npmjs.org/busboy/-/busboy-0.2.14.tgz",
      "integrity": "sha1-bCpiLvz0fFe7vh4qnDetNseSVFM=",
      "requires": {
        "dicer": "0.2.5",
        "readable-stream": "1.1.x"
      }
    },
    "core-util-is": {
      "version": "1.0.2",
      "resolved": "https://registry.npmjs.org/core-util-is/-/core-util-is-1.0.2.tgz",
      "integrity": "sha1-tf1UIgqivFq1eqtxQMlAdUUDwac="
    },
    "depd": {
      "version": "1.1.2",
      "resolved": "https://registry.npmjs.org/depd/-/depd-1.1.2.tgz",
      "integrity": "sha1-m81S4UwJd2PnSbJ0xDRu0uVgtak="
    },
    "dicer": {
      "version": "0.2.5",
      "resolved": "https://registry.npmjs.org/dicer/-/dicer-0.2.5.tgz",
      "integrity": "sha1-WZbAhrszIYyBLAkL3cCc0S+stw8=",
      "requires": {
        "readable-stream": "1.1.x",
        "streamsearch": "0.1.2"
      }
    },
    "fs-capacitor": {
      "version": "1.0.1",
      "resolved": "https://registry.npmjs.org/fs-capacitor/-/fs-capacitor-1.0.1.tgz",
      "integrity": "sha512-XdZK0Q78WP29Vm3FGgJRhRhrBm51PagovzWtW2kJ3Q6cYJbGtZqWSGTSPwvtEkyjIirFd7b8Yes/dpOYjt4RRQ=="
    },
    "graphql": {
      "version": "14.0.2",
      "resolved": "https://registry.npmjs.org/graphql/-/graphql-14.0.2.tgz",
      "integrity": "sha512-gUC4YYsaiSJT1h40krG3J+USGlwhzNTXSb4IOZljn9ag5Tj+RkoXrWp+Kh7WyE3t1NCfab5kzCuxBIvOMERMXw==",
      "requires": {
        "iterall": "^1.2.2"
      }
    },
    "http-errors": {
      "version": "1.7.1",
      "resolved": "https://registry.npmjs.org/http-errors/-/http-errors-1.7.1.tgz",
      "integrity": "sha512-jWEUgtZWGSMba9I1N3gc1HmvpBUaNC9vDdA46yScAdp+C5rdEuKWUBLWTQpW9FwSWSbYYs++b6SDCxf9UEJzfw==",
      "requires": {
        "depd": "~1.1.2",
        "inherits": "2.0.3",
        "setprototypeof": "1.1.0",
        "statuses": ">= 1.5.0 < 2",
        "toidentifier": "1.0.0"
      }
    },
    "inherits": {
      "version": "2.0.3",
      "resolved": "https://registry.npmjs.org/inherits/-/inherits-2.0.3.tgz",
      "integrity": "sha1-Yzwsg+PaQqUC9SRmAiSA9CCCYd4="
    },
    "isarray": {
      "version": "0.0.1",
      "resolved": "https://registry.npmjs.org/isarray/-/isarray-0.0.1.tgz",
      "integrity": "sha1-ihis/Kmo9Bd+Cav8YDiTmwXR7t8="
    },
    "iterall": {
      "version": "1.2.2",
      "resolved": "https://registry.npmjs.org/iterall/-/iterall-1.2.2.tgz",
      "integrity": "sha512-yynBb1g+RFUPY64fTrFv7nsjRrENBQJaX2UL+2Szc9REFrSNm1rpSXHGzhmAy7a9uv3vlvgBlXnf9RqmPH1/DA=="
    },
    "object-path": {
      "version": "0.11.4",
      "resolved": "https://registry.npmjs.org/object-path/-/object-path-0.11.4.tgz",
      "integrity": "sha1-NwrnUvvzfePqcKhhwju6iRVpGUk="
    },
    "readable-stream": {
      "version": "1.1.14",
      "resolved": "http://registry.npmjs.org/readable-stream/-/readable-stream-1.1.14.tgz",
      "integrity": "sha1-fPTFTvZI44EwhMY23SB54WbAgdk=",
      "requires": {
        "core-util-is": "~1.0.0",
        "inherits": "~2.0.1",
        "isarray": "0.0.1",
        "string_decoder": "~0.10.x"
      }
    },
    "setprototypeof": {
      "version": "1.1.0",
      "resolved": "https://registry.npmjs.org/setprototypeof/-/setprototypeof-1.1.0.tgz",
      "integrity": "sha512-BvE/TwpZX4FXExxOxZyRGQQv651MSwmWKZGqvmPcRIjDqWub67kTKuIMx43cZZrS/cBBzwBcNDWoFxt2XEFIpQ=="
    },
    "statuses": {
      "version": "1.5.0",
      "resolved": "https://registry.npmjs.org/statuses/-/statuses-1.5.0.tgz",
      "integrity": "sha1-Fhx9rBd2Wf2YEfQ3cfqZOBR4Yow="
    },
    "streamsearch": {
      "version": "0.1.2",
      "resolved": "https://registry.npmjs.org/streamsearch/-/streamsearch-0.1.2.tgz",
      "integrity": "sha1-gIudDlb8Jz2Am6VzOOkpkZoanxo="
    },
    "string_decoder": {
      "version": "0.10.31",
      "resolved": "https://registry.npmjs.org/string_decoder/-/string_decoder-0.10.31.tgz",
      "integrity": "sha1-YuIDvEF2bGwoyfyEMB2rHFMQ+pQ="
    },
    "toidentifier": {
      "version": "1.0.0",
      "resolved": "https://registry.npmjs.org/toidentifier/-/toidentifier-1.0.0.tgz",
      "integrity": "sha512-yaOH/Pk/VEhBWWTlhI+qXxDFXlejDGcQipMlyxda9nthulaxLZUNcUqFxokp0vcYnvteJln5FNQDRrxj3YcbVw=="
    }
  }
}
